// !$*UTF8*$!
{
	archiveVersion = 1;
	classes = {
	};
	objectVersion = 50;
	objects = {

/* Begin PBXBuildFile section */
		033F632DFB55A338DAC0A67B /* Pods_WorldQuestApp.framework in Frameworks */ = {isa = PBXBuildFile; fileRef = 02D0237257070B2FBE7DD0A7 /* Pods_WorldQuestApp.framework */; };
		E74B388920A5EE3F00CA12C1 /* GoogleService-Info.plist in Resources */ = {isa = PBXBuildFile; fileRef = E74B388820A5EE3F00CA12C1 /* GoogleService-Info.plist */; };
		E7BD742020A5CBC700B3337E /* AppDelegate.swift in Sources */ = {isa = PBXBuildFile; fileRef = E7BD741F20A5CBC700B3337E /* AppDelegate.swift */; };
		E7BD742220A5CBC700B3337E /* ViewController.swift in Sources */ = {isa = PBXBuildFile; fileRef = E7BD742120A5CBC700B3337E /* ViewController.swift */; };
		E7BD742520A5CBC700B3337E /* Main.storyboard in Resources */ = {isa = PBXBuildFile; fileRef = E7BD742320A5CBC700B3337E /* Main.storyboard */; };
		E7BD742720A5CBC800B3337E /* Assets.xcassets in Resources */ = {isa = PBXBuildFile; fileRef = E7BD742620A5CBC800B3337E /* Assets.xcassets */; };
		E7BD742A20A5CBC800B3337E /* LaunchScreen.storyboard in Resources */ = {isa = PBXBuildFile; fileRef = E7BD742820A5CBC800B3337E /* LaunchScreen.storyboard */; };
/* End PBXBuildFile section */

/* Begin PBXFileReference section */
		02D0237257070B2FBE7DD0A7 /* Pods_WorldQuestApp.framework */ = {isa = PBXFileReference; explicitFileType = wrapper.framework; includeInIndex = 0; path = Pods_WorldQuestApp.framework; sourceTree = BUILT_PRODUCTS_DIR; };
		33C07B9ED93686740204735C /* Pods-WorldQuestApp.release.xcconfig */ = {isa = PBXFileReference; includeInIndex = 1; lastKnownFileType = text.xcconfig; name = "Pods-WorldQuestApp.release.xcconfig"; path = "Pods/Target Support Files/Pods-WorldQuestApp/Pods-WorldQuestApp.release.xcconfig"; sourceTree = "<group>"; };
		E74B388520A5DF4D00CA12C1 /* WorldQuestApp-Bridging-Header.h */ = {isa = PBXFileReference; lastKnownFileType = sourcecode.c.h; name = "WorldQuestApp-Bridging-Header.h"; path = "../WorldQuestApp-Bridging-Header.h"; sourceTree = "<group>"; };
		E74B388820A5EE3F00CA12C1 /* GoogleService-Info.plist */ = {isa = PBXFileReference; fileEncoding = 4; lastKnownFileType = text.plist.xml; path = "GoogleService-Info.plist"; sourceTree = "<group>"; };
		E7BD741C20A5CBC700B3337E /* WorldQuestApp.app */ = {isa = PBXFileReference; explicitFileType = wrapper.application; includeInIndex = 0; path = WorldQuestApp.app; sourceTree = BUILT_PRODUCTS_DIR; };
		E7BD741F20A5CBC700B3337E /* AppDelegate.swift */ = {isa = PBXFileReference; lastKnownFileType = sourcecode.swift; path = AppDelegate.swift; sourceTree = "<group>"; };
		E7BD742120A5CBC700B3337E /* ViewController.swift */ = {isa = PBXFileReference; lastKnownFileType = sourcecode.swift; path = ViewController.swift; sourceTree = "<group>"; };
		E7BD742420A5CBC700B3337E /* Base */ = {isa = PBXFileReference; lastKnownFileType = file.storyboard; name = Base; path = Base.lproj/Main.storyboard; sourceTree = "<group>"; };
		E7BD742620A5CBC800B3337E /* Assets.xcassets */ = {isa = PBXFileReference; lastKnownFileType = folder.assetcatalog; path = Assets.xcassets; sourceTree = "<group>"; };
		E7BD742920A5CBC800B3337E /* Base */ = {isa = PBXFileReference; lastKnownFileType = file.storyboard; name = Base; path = Base.lproj/LaunchScreen.storyboard; sourceTree = "<group>"; };
		E7BD742B20A5CBC800B3337E /* Info.plist */ = {isa = PBXFileReference; lastKnownFileType = text.plist.xml; path = Info.plist; sourceTree = "<group>"; };
		ECBBDF8DCA644BA0A1EC4B00 /* Pods-WorldQuestApp.debug.xcconfig */ = {isa = PBXFileReference; includeInIndex = 1; lastKnownFileType = text.xcconfig; name = "Pods-WorldQuestApp.debug.xcconfig"; path = "Pods/Target Support Files/Pods-WorldQuestApp/Pods-WorldQuestApp.debug.xcconfig"; sourceTree = "<group>"; };
/* End PBXFileReference section */

/* Begin PBXFrameworksBuildPhase section */
		E7BD741920A5CBC700B3337E /* Frameworks */ = {
			isa = PBXFrameworksBuildPhase;
			buildActionMask = 2147483647;
			files = (
				033F632DFB55A338DAC0A67B /* Pods_WorldQuestApp.framework in Frameworks */,
			);
			runOnlyForDeploymentPostprocessing = 0;
		};
/* End PBXFrameworksBuildPhase section */

/* Begin PBXGroup section */
		766ECB82B77129949FD96691 /* Frameworks */ = {
			isa = PBXGroup;
			children = (
				02D0237257070B2FBE7DD0A7 /* Pods_WorldQuestApp.framework */,
			);
			name = Frameworks;
			sourceTree = "<group>";
		};
		C932423CE292BBDC1FD278E1 /* Pods */ = {
			isa = PBXGroup;
			children = (
				ECBBDF8DCA644BA0A1EC4B00 /* Pods-WorldQuestApp.debug.xcconfig */,
				33C07B9ED93686740204735C /* Pods-WorldQuestApp.release.xcconfig */,
			);
			name = Pods;
			sourceTree = "<group>";
		};
		E7BD741320A5CBC700B3337E = {
			isa = PBXGroup;
			children = (
				E7BD741E20A5CBC700B3337E /* WorldQuestApp */,
				E7BD741D20A5CBC700B3337E /* Products */,
				C932423CE292BBDC1FD278E1 /* Pods */,
				766ECB82B77129949FD96691 /* Frameworks */,
			);
			sourceTree = "<group>";
		};
		E7BD741D20A5CBC700B3337E /* Products */ = {
			isa = PBXGroup;
			children = (
				E7BD741C20A5CBC700B3337E /* WorldQuestApp.app */,
			);
			name = Products;
			sourceTree = "<group>";
		};
		E7BD741E20A5CBC700B3337E /* WorldQuestApp */ = {
			isa = PBXGroup;
			children = (
				E7BD741F20A5CBC700B3337E /* AppDelegate.swift */,
				E7BD742120A5CBC700B3337E /* ViewController.swift */,
				E7BD742320A5CBC700B3337E /* Main.storyboard */,
				E7BD742620A5CBC800B3337E /* Assets.xcassets */,
				E7BD742820A5CBC800B3337E /* LaunchScreen.storyboard */,
				E7BD742B20A5CBC800B3337E /* Info.plist */,
				E74B388820A5EE3F00CA12C1 /* GoogleService-Info.plist */,
				E74B388520A5DF4D00CA12C1 /* WorldQuestApp-Bridging-Header.h */,
			);
			path = WorldQuestApp;
			sourceTree = "<group>";
		};
/* End PBXGroup section */

/* Begin PBXNativeTarget section */
		E7BD741B20A5CBC700B3337E /* WorldQuestApp */ = {
			isa = PBXNativeTarget;
			buildConfigurationList = E7BD742E20A5CBC800B3337E /* Build configuration list for PBXNativeTarget "WorldQuestApp" */;
			buildPhases = (
				0E73EF62A297913C8231314A /* [CP] Check Pods Manifest.lock */,
				E7BD741820A5CBC700B3337E /* Sources */,
				E7BD741920A5CBC700B3337E /* Frameworks */,
				E7BD741A20A5CBC700B3337E /* Resources */,
				2651CBFA9DA93D9E304A85D3 /* [CP] Embed Pods Frameworks */,
			);
			buildRules = (
			);
			dependencies = (
			);
			name = WorldQuestApp;
			productName = WorldQuestApp;
			productReference = E7BD741C20A5CBC700B3337E /* WorldQuestApp.app */;
			productType = "com.apple.product-type.application";
		};
/* End PBXNativeTarget section */

/* Begin PBXProject section */
		E7BD741420A5CBC700B3337E /* Project object */ = {
			isa = PBXProject;
			attributes = {
				LastSwiftUpdateCheck = 0930;
				LastUpgradeCheck = 0930;
				ORGANIZATIONNAME = "World Quest";
				TargetAttributes = {
					E7BD741B20A5CBC700B3337E = {
						CreatedOnToolsVersion = 9.3;
					};
				};
			};
			buildConfigurationList = E7BD741720A5CBC700B3337E /* Build configuration list for PBXProject "WorldQuestApp" */;
			compatibilityVersion = "Xcode 9.3";
			developmentRegion = en;
			hasScannedForEncodings = 0;
			knownRegions = (
				en,
				Base,
			);
			mainGroup = E7BD741320A5CBC700B3337E;
			productRefGroup = E7BD741D20A5CBC700B3337E /* Products */;
			projectDirPath = "";
			projectRoot = "";
			targets = (
				E7BD741B20A5CBC700B3337E /* WorldQuestApp */,
			);
		};
/* End PBXProject section */

/* Begin PBXResourcesBuildPhase section */
		E7BD741A20A5CBC700B3337E /* Resources */ = {
			isa = PBXResourcesBuildPhase;
			buildActionMask = 2147483647;
			files = (
				E7BD742A20A5CBC800B3337E /* LaunchScreen.storyboard in Resources */,
				E74B388920A5EE3F00CA12C1 /* GoogleService-Info.plist in Resources */,
				E7BD742720A5CBC800B3337E /* Assets.xcassets in Resources */,
				E7BD742520A5CBC700B3337E /* Main.storyboard in Resources */,
			);
			runOnlyForDeploymentPostprocessing = 0;
		};
/* End PBXResourcesBuildPhase section */

/* Begin PBXShellScriptBuildPhase section */
		0E73EF62A297913C8231314A /* [CP] Check Pods Manifest.lock */ = {
			isa = PBXShellScriptBuildPhase;
			buildActionMask = 2147483647;
			files = (
			);
			inputPaths = (
				"${PODS_PODFILE_DIR_PATH}/Podfile.lock",
				"${PODS_ROOT}/Manifest.lock",
			);
			name = "[CP] Check Pods Manifest.lock";
			outputPaths = (
				"$(DERIVED_FILE_DIR)/Pods-WorldQuestApp-checkManifestLockResult.txt",
			);
			runOnlyForDeploymentPostprocessing = 0;
			shellPath = /bin/sh;
			shellScript = "diff \"${PODS_PODFILE_DIR_PATH}/Podfile.lock\" \"${PODS_ROOT}/Manifest.lock\" > /dev/null\nif [ $? != 0 ] ; then\n    # print error to STDERR\n    echo \"error: The sandbox is not in sync with the Podfile.lock. Run 'pod install' or update your CocoaPods installation.\" >&2\n    exit 1\nfi\n# This output is used by Xcode 'outputs' to avoid re-running this script phase.\necho \"SUCCESS\" > \"${SCRIPT_OUTPUT_FILE_0}\"\n";
			showEnvVarsInLog = 0;
		};
		2651CBFA9DA93D9E304A85D3 /* [CP] Embed Pods Frameworks */ = {
			isa = PBXShellScriptBuildPhase;
			buildActionMask = 2147483647;
			files = (
			);
			inputPaths = (
				"${SRCROOT}/Pods/Target Support Files/Pods-WorldQuestApp/Pods-WorldQuestApp-frameworks.sh",
				"${BUILT_PRODUCTS_DIR}/Bolts/Bolts.framework",
				"${BUILT_PRODUCTS_DIR}/FBSDKCoreKit/FBSDKCoreKit.framework",
				"${BUILT_PRODUCTS_DIR}/FBSDKLoginKit/FBSDKLoginKit.framework",
				"${BUILT_PRODUCTS_DIR}/GTMSessionFetcher/GTMSessionFetcher.framework",
				"${BUILT_PRODUCTS_DIR}/GoogleToolboxForMac/GoogleToolboxForMac.framework",
				"${BUILT_PRODUCTS_DIR}/nanopb/nanopb.framework",
			);
			name = "[CP] Embed Pods Frameworks";
			outputPaths = (
				"${TARGET_BUILD_DIR}/${FRAMEWORKS_FOLDER_PATH}/Bolts.framework",
				"${TARGET_BUILD_DIR}/${FRAMEWORKS_FOLDER_PATH}/FBSDKCoreKit.framework",
				"${TARGET_BUILD_DIR}/${FRAMEWORKS_FOLDER_PATH}/FBSDKLoginKit.framework",
				"${TARGET_BUILD_DIR}/${FRAMEWORKS_FOLDER_PATH}/GTMSessionFetcher.framework",
				"${TARGET_BUILD_DIR}/${FRAMEWORKS_FOLDER_PATH}/GoogleToolboxForMac.framework",
				"${TARGET_BUILD_DIR}/${FRAMEWORKS_FOLDER_PATH}/nanopb.framework",
			);
			runOnlyForDeploymentPostprocessing = 0;
			shellPath = /bin/sh;
			shellScript = "\"${SRCROOT}/Pods/Target Support Files/Pods-WorldQuestApp/Pods-WorldQuestApp-frameworks.sh\"\n";
			showEnvVarsInLog = 0;
		};
/* End PBXShellScriptBuildPhase section */

/* Begin PBXSourcesBuildPhase section */
		E7BD741820A5CBC700B3337E /* Sources */ = {
			isa = PBXSourcesBuildPhase;
			buildActionMask = 2147483647;
			files = (
				E7BD742220A5CBC700B3337E /* ViewController.swift in Sources */,
				E7BD742020A5CBC700B3337E /* AppDelegate.swift in Sources */,
			);
			runOnlyForDeploymentPostprocessing = 0;
		};
/* End PBXSourcesBuildPhase section */

/* Begin PBXVariantGroup section */
		E7BD742320A5CBC700B3337E /* Main.storyboard */ = {
			isa = PBXVariantGroup;
			children = (
				E7BD742420A5CBC700B3337E /* Base */,
			);
			name = Main.storyboard;
			sourceTree = "<group>";
		};
		E7BD742820A5CBC800B3337E /* LaunchScreen.storyboard */ = {
			isa = PBXVariantGroup;
			children = (
				E7BD742920A5CBC800B3337E /* Base */,
			);
			name = LaunchScreen.storyboard;
			sourceTree = "<group>";
		};
/* End PBXVariantGroup section */

/* Begin XCBuildConfiguration section */
		E7BD742C20A5CBC800B3337E /* Debug */ = {
			isa = XCBuildConfiguration;
			buildSettings = {
				ALWAYS_SEARCH_USER_PATHS = NO;
				CLANG_ANALYZER_NONNULL = YES;
				CLANG_ANALYZER_NUMBER_OBJECT_CONVERSION = YES_AGGRESSIVE;
				CLANG_CXX_LANGUAGE_STANDARD = "gnu++14";
				CLANG_CXX_LIBRARY = "libc++";
				CLANG_ENABLE_MODULES = YES;
				CLANG_ENABLE_OBJC_ARC = YES;
				CLANG_ENABLE_OBJC_WEAK = YES;
				CLANG_WARN_BLOCK_CAPTURE_AUTORELEASING = YES;
				CLANG_WARN_BOOL_CONVERSION = YES;
				CLANG_WARN_COMMA = YES;
				CLANG_WARN_CONSTANT_CONVERSION = YES;
				CLANG_WARN_DEPRECATED_OBJC_IMPLEMENTATIONS = YES;
				CLANG_WARN_DIRECT_OBJC_ISA_USAGE = YES_ERROR;
				CLANG_WARN_DOCUMENTATION_COMMENTS = YES;
				CLANG_WARN_EMPTY_BODY = YES;
				CLANG_WARN_ENUM_CONVERSION = YES;
				CLANG_WARN_INFINITE_RECURSION = YES;
				CLANG_WARN_INT_CONVERSION = YES;
				CLANG_WARN_NON_LITERAL_NULL_CONVERSION = YES;
				CLANG_WARN_OBJC_IMPLICIT_RETAIN_SELF = YES;
				CLANG_WARN_OBJC_LITERAL_CONVERSION = YES;
				CLANG_WARN_OBJC_ROOT_CLASS = YES_ERROR;
				CLANG_WARN_RANGE_LOOP_ANALYSIS = YES;
				CLANG_WARN_STRICT_PROTOTYPES = YES;
				CLANG_WARN_SUSPICIOUS_MOVE = YES;
				CLANG_WARN_UNGUARDED_AVAILABILITY = YES_AGGRESSIVE;
				CLANG_WARN_UNREACHABLE_CODE = YES;
				CLANG_WARN__DUPLICATE_METHOD_MATCH = YES;
				CODE_SIGN_IDENTITY = "iPhone Developer";
				COPY_PHASE_STRIP = NO;
				DEBUG_INFORMATION_FORMAT = dwarf;
				ENABLE_STRICT_OBJC_MSGSEND = YES;
				ENABLE_TESTABILITY = YES;
				GCC_C_LANGUAGE_STANDARD = gnu11;
				GCC_DYNAMIC_NO_PIC = NO;
				GCC_NO_COMMON_BLOCKS = YES;
				GCC_OPTIMIZATION_LEVEL = 0;
				GCC_PREPROCESSOR_DEFINITIONS = (
					"DEBUG=1",
					"$(inherited)",
				);
				GCC_WARN_64_TO_32_BIT_CONVERSION = YES;
				GCC_WARN_ABOUT_RETURN_TYPE = YES_ERROR;
				GCC_WARN_UNDECLARED_SELECTOR = YES;
				GCC_WARN_UNINITIALIZED_AUTOS = YES_AGGRESSIVE;
				GCC_WARN_UNUSED_FUNCTION = YES;
				GCC_WARN_UNUSED_VARIABLE = YES;
				IPHONEOS_DEPLOYMENT_TARGET = 11.3;
				MTL_ENABLE_DEBUG_INFO = YES;
				ONLY_ACTIVE_ARCH = YES;
				SDKROOT = iphoneos;
				SWIFT_ACTIVE_COMPILATION_CONDITIONS = DEBUG;
				SWIFT_OPTIMIZATION_LEVEL = "-Onone";
			};
			name = Debug;
		};
		E7BD742D20A5CBC800B3337E /* Release */ = {
			isa = XCBuildConfiguration;
			buildSettings = {
				ALWAYS_SEARCH_USER_PATHS = NO;
				CLANG_ANALYZER_NONNULL = YES;
				CLANG_ANALYZER_NUMBER_OBJECT_CONVERSION = YES_AGGRESSIVE;
				CLANG_CXX_LANGUAGE_STANDARD = "gnu++14";
				CLANG_CXX_LIBRARY = "libc++";
				CLANG_ENABLE_MODULES = YES;
				CLANG_ENABLE_OBJC_ARC = YES;
				CLANG_ENABLE_OBJC_WEAK = YES;
				CLANG_WARN_BLOCK_CAPTURE_AUTORELEASING = YES;
				CLANG_WARN_BOOL_CONVERSION = YES;
				CLANG_WARN_COMMA = YES;
				CLANG_WARN_CONSTANT_CONVERSION = YES;
				CLANG_WARN_DEPRECATED_OBJC_IMPLEMENTATIONS = YES;
				CLANG_WARN_DIRECT_OBJC_ISA_USAGE = YES_ERROR;
				CLANG_WARN_DOCUMENTATION_COMMENTS = YES;
				CLANG_WARN_EMPTY_BODY = YES;
				CLANG_WARN_ENUM_CONVERSION = YES;
				CLANG_WARN_INFINITE_RECURSION = YES;
				CLANG_WARN_INT_CONVERSION = YES;
				CLANG_WARN_NON_LITERAL_NULL_CONVERSION = YES;
				CLANG_WARN_OBJC_IMPLICIT_RETAIN_SELF = YES;
				CLANG_WARN_OBJC_LITERAL_CONVERSION = YES;
				CLANG_WARN_OBJC_ROOT_CLASS = YES_ERROR;
				CLANG_WARN_RANGE_LOOP_ANALYSIS = YES;
				CLANG_WARN_STRICT_PROTOTYPES = YES;
				CLANG_WARN_SUSPICIOUS_MOVE = YES;
				CLANG_WARN_UNGUARDED_AVAILABILITY = YES_AGGRESSIVE;
				CLANG_WARN_UNREACHABLE_CODE = YES;
				CLANG_WARN__DUPLICATE_METHOD_MATCH = YES;
				CODE_SIGN_IDENTITY = "iPhone Developer";
				COPY_PHASE_STRIP = NO;
				DEBUG_INFORMATION_FORMAT = "dwarf-with-dsym";
				ENABLE_NS_ASSERTIONS = NO;
				ENABLE_STRICT_OBJC_MSGSEND = YES;
				GCC_C_LANGUAGE_STANDARD = gnu11;
				GCC_NO_COMMON_BLOCKS = YES;
				GCC_WARN_64_TO_32_BIT_CONVERSION = YES;
				GCC_WARN_ABOUT_RETURN_TYPE = YES_ERROR;
				GCC_WARN_UNDECLARED_SELECTOR = YES;
				GCC_WARN_UNINITIALIZED_AUTOS = YES_AGGRESSIVE;
				GCC_WARN_UNUSED_FUNCTION = YES;
				GCC_WARN_UNUSED_VARIABLE = YES;
				IPHONEOS_DEPLOYMENT_TARGET = 11.3;
				MTL_ENABLE_DEBUG_INFO = NO;
				SDKROOT = iphoneos;
				SWIFT_COMPILATION_MODE = wholemodule;
				SWIFT_OPTIMIZATION_LEVEL = "-O";
				VALIDATE_PRODUCT = YES;
			};
			name = Release;
		};
		E7BD742F20A5CBC800B3337E /* Debug */ = {
			isa = XCBuildConfiguration;
			baseConfigurationReference = ECBBDF8DCA644BA0A1EC4B00 /* Pods-WorldQuestApp.debug.xcconfig */;
			buildSettings = {
				ASSETCATALOG_COMPILER_APPICON_NAME = AppIcon;
				CODE_SIGN_STYLE = Automatic;
				DEVELOPMENT_TEAM = Z675N66P22;
				INFOPLIST_FILE = WorldQuestApp/Info.plist;
				LD_RUNPATH_SEARCH_PATHS = (
					"$(inherited)",
					"@executable_path/Frameworks",
				);
				PRODUCT_BUNDLE_IDENTIFIER = com.worldquest.WorldQuestApp;
				PRODUCT_NAME = "$(TARGET_NAME)";
				SWIFT_OBJC_BRIDGING_HEADER = "WorldQuestApp-Bridging-Header.h";
				SWIFT_VERSION = 4.0;
				TARGETED_DEVICE_FAMILY = "1,2";
			};
			name = Debug;
		};
		E7BD743020A5CBC800B3337E /* Release */ = {
			isa = XCBuildConfiguration;
			baseConfigurationReference = 33C07B9ED93686740204735C /* Pods-WorldQuestApp.release.xcconfig */;
			buildSettings = {
				ASSETCATALOG_COMPILER_APPICON_NAME = AppIcon;
				CODE_SIGN_STYLE = Automatic;
				DEVELOPMENT_TEAM = Z675N66P22;
				INFOPLIST_FILE = WorldQuestApp/Info.plist;
				LD_RUNPATH_SEARCH_PATHS = (
					"$(inherited)",
					"@executable_path/Frameworks",
				);
				PRODUCT_BUNDLE_IDENTIFIER = com.worldquest.WorldQuestApp;
				PRODUCT_NAME = "$(TARGET_NAME)";
				SWIFT_OBJC_BRIDGING_HEADER = "WorldQuestApp-Bridging-Header.h";
				SWIFT_VERSION = 4.0;
				TARGETED_DEVICE_FAMILY = "1,2";
			};
			name = Release;
		};
/* End XCBuildConfiguration section */

/* Begin XCConfigurationList section */
		E7BD741720A5CBC700B3337E /* Build configuration list for PBXProject "WorldQuestApp" */ = {
			isa = XCConfigurationList;
			buildConfigurations = (
				E7BD742C20A5CBC800B3337E /* Debug */,
				E7BD742D20A5CBC800B3337E /* Release */,
			);
			defaultConfigurationIsVisible = 0;
			defaultConfigurationName = Release;
		};
		E7BD742E20A5CBC800B3337E /* Build configuration list for PBXNativeTarget "WorldQuestApp" */ = {
			isa = XCConfigurationList;
			buildConfigurations = (
				E7BD742F20A5CBC800B3337E /* Debug */,
				E7BD743020A5CBC800B3337E /* Release */,
			);
			defaultConfigurationIsVisible = 0;
			defaultConfigurationName = Release;
		};
/* End XCConfigurationList section */
	};
	rootObject = E7BD741420A5CBC700B3337E /* Project object */;
}
